
Microsoft Visual Studio Solution File, Format Version 12.00
# Visual Studio Version 16
VisualStudioVersion = 16.0.30621.155
MinimumVisualStudioVersion = 10.0.40219.1
Project("{FAE04EC0-301F-11D3-BF4B-00C04F79EFBC}") = "wfa_GSB_frais_comptable_sqlserver", "wfa_GSB_frais_comptable_sqlserver\wfa_GSB_frais_comptable_sqlserver.csproj", "{1E8394D3-5F11-4134-AF34-F657B1C90E79}"
EndProject
Global
	GlobalSection(SolutionConfigurationPlatforms) = preSolution
		Debug|Any CPU = Debug|Any CPU
		Release|Any CPU = Release|Any CPU
	EndGlobalSection
	GlobalSection(ProjectConfigurationPlatforms) = postSolution
		{1E8394D3-5F11-4134-AF34-F657B1C90E79}.Debug|Any CPU.ActiveCfg = Debug|Any CPU
		{1E8394D3-5F11-4134-AF34-F657B1C90E79}.Debug|Any CPU.Build.0 = Debug|Any CPU
		{1E8394D3-5F11-4134-AF34-F657B1C90E79}.Release|Any CPU.ActiveCfg = Release|Any CPU
		{1E8394D3-5F11-4134-AF34-F657B1C90E79}.Release|Any CPU.Build.0 = Release|Any CPU
	EndGlobalSection
	GlobalSection(SolutionProperties) = preSolution
		HideSolutionNode = FALSE
	EndGlobalSection
	GlobalSection(ExtensibilityGlobals) = postSolution
		SolutionGuid = {AAFF2FB9-A76B-4588-9F16-1610DFEFC1B9}
	EndGlobalSection
EndGlobal
